{
  "name": "bolt03",
  "version": "1.3.2",
  "lockfileVersion": 2,
  "requires": true,
  "packages": {
    "": {
      "name": "bolt03",
      "version": "1.3.2",
      "license": "MIT",
      "dependencies": {
        "@alexbosworth/blockchain": "1.7.0"
      }
    },
    "node_modules/@alexbosworth/blockchain": {
      "version": "1.7.0",
      "resolved": "https://registry.npmjs.org/@alexbosworth/blockchain/-/blockchain-1.7.0.tgz",
      "integrity": "sha512-iszflpOg9+BisLCIDrQH0JJev5tMntFGY9DfQ1nIKgUkSaaT6eeRG+BZ/t1DwcTn5Nr4/RwPhmxe/S1249+/LA==",
      "engines": {
        "node": ">=16"
      }
    }
  },
  "dependencies": {
    "@alexbosworth/blockchain": {
      "version": "1.7.0",
      "resolved": "https://registry.npmjs.org/@alexbosworth/blockchain/-/blockchain-1.7.0.tgz",
      "integrity": "sha512-iszflpOg9+BisLCIDrQH0JJev5tMntFGY9DfQ1nIKgUkSaaT6eeRG+BZ/t1DwcTn5Nr4/RwPhmxe/S1249+/LA=="
    }
  }
}
